<?xml version="1.0" encoding="utf-8"?>
<Project ToolsVersion="4.0" xmlns="http://schemas.microsoft.com/developer/msbuild/2003">
  <ItemGroup>
    <Filter Include="src">
      <UniqueIdentifier>{df62ca7c-f617-4997-8f3e-5c25c151bc85}</UniqueIdentifier>
    </Filter>
    <Filter Include="res">
      <UniqueIdentifier>{7fa03b73-1f21-4740-bd9e-38bbded6570d}</UniqueIdentifier>
    </Filter>
    <Filter Include="res\shaders">
      <UniqueIdentifier>{b27757b2-8b55-4b39-a2aa-9b820721ea29}</UniqueIdentifier>
    </Filter>
  </ItemGroup>
  <ItemGroup>
    <ClCompile Include="src\Application.cpp">
      <Filter>src</Filter>
    </ClCompile>
  </ItemGroup>
  <ItemGroup>
    <None Include="res\shaders\Basic.shader">
      <Filter>res\shaders</Filter>
    </None>
  </ItemGroup>
</Project>